
Microsoft Visual Studio Solution File, Format Version 12.00
# Visual Studio Version 17
VisualStudioVersion = 17.13.35931.197 d17.13
MinimumVisualStudioVersion = 10.0.40219.1
Project("{FAE04EC0-301F-11D3-BF4B-00C04F79EFBC}") = "Autogerenciamento", "Autogerenciamento.csproj", "{52FD8F60-FB01-408D-B5F0-F01814218DAB}"
EndProject
Global
	GlobalSection(SolutionConfigurationPlatforms) = preSolution
		Debug|Any CPU = Debug|Any CPU
		Release|Any CPU = Release|Any CPU
	EndGlobalSection
	GlobalSection(ProjectConfigurationPlatforms) = postSolution
		{52FD8F60-FB01-408D-B5F0-F01814218DAB}.Debug|Any CPU.ActiveCfg = Debug|Any CPU
		{52FD8F60-FB01-408D-B5F0-F01814218DAB}.Debug|Any CPU.Build.0 = Debug|Any CPU
		{52FD8F60-FB01-408D-B5F0-F01814218DAB}.Release|Any CPU.ActiveCfg = Release|Any CPU
		{52FD8F60-FB01-408D-B5F0-F01814218DAB}.Release|Any CPU.Build.0 = Release|Any CPU
	EndGlobalSection
	GlobalSection(SolutionProperties) = preSolution
		HideSolutionNode = FALSE
	EndGlobalSection
	GlobalSection(ExtensibilityGlobals) = postSolution
		SolutionGuid = {91185BA8-FBE0-434B-ADE7-757808ABEE80}
	EndGlobalSection
EndGlobal
